
Microsoft Visual Studio Solution File, Format Version 12.00
# Visual Studio 15
VisualStudioVersion = 15.0.28307.1500
MinimumVisualStudioVersion = 10.0.40219.1
Project("{FAE04EC0-301F-11D3-BF4B-00C04F79EFBC}") = "TestTask1", "TestTask1\TestTask1.csproj", "{75D53EBE-616E-4414-85A6-9E214C9CB587}"
EndProject
Global
	GlobalSection(SolutionConfigurationPlatforms) = preSolution
		Debug|Any CPU = Debug|Any CPU
		Release|Any CPU = Release|Any CPU
	EndGlobalSection
	GlobalSection(ProjectConfigurationPlatforms) = postSolution
		{75D53EBE-616E-4414-85A6-9E214C9CB587}.Debug|Any CPU.ActiveCfg = Debug|Any CPU
		{75D53EBE-616E-4414-85A6-9E214C9CB587}.Debug|Any CPU.Build.0 = Debug|Any CPU
		{75D53EBE-616E-4414-85A6-9E214C9CB587}.Release|Any CPU.ActiveCfg = Release|Any CPU
		{75D53EBE-616E-4414-85A6-9E214C9CB587}.Release|Any CPU.Build.0 = Release|Any CPU
	EndGlobalSection
	GlobalSection(SolutionProperties) = preSolution
		HideSolutionNode = FALSE
	EndGlobalSection
	GlobalSection(ExtensibilityGlobals) = postSolution
		SolutionGuid = {EF2A96E8-8FD5-4719-9DD0-3564F17326B1}
	EndGlobalSection
EndGlobal
